
Microsoft Visual Studio Solution File, Format Version 12.00
# Visual Studio Version 17
VisualStudioVersion = 17.5.33424.131
MinimumVisualStudioVersion = 10.0.40219.1
Project("{8BC9CEB8-8B4A-11D0-8D11-00A0C91BC942}") = "Billiards", "Billiards.vcxproj", "{FE2A6C4E-36BD-4FED-9018-8C4B04FDC75B}"
EndProject
Global
	GlobalSection(SolutionConfigurationPlatforms) = preSolution
		Debug|x64 = Debug|x64
		Debug|x86 = Debug|x86
		Release|x64 = Release|x64
		Release|x86 = Release|x86
	EndGlobalSection
	GlobalSection(ProjectConfigurationPlatforms) = postSolution
		{FE2A6C4E-36BD-4FED-9018-8C4B04FDC75B}.Debug|x64.ActiveCfg = Debug|x64
		{FE2A6C4E-36BD-4FED-9018-8C4B04FDC75B}.Debug|x64.Build.0 = Debug|x64
		{FE2A6C4E-36BD-4FED-9018-8C4B04FDC75B}.Debug|x86.ActiveCfg = Debug|Win32
		{FE2A6C4E-36BD-4FED-9018-8C4B04FDC75B}.Debug|x86.Build.0 = Debug|Win32
		{FE2A6C4E-36BD-4FED-9018-8C4B04FDC75B}.Release|x64.ActiveCfg = Release|x64
		{FE2A6C4E-36BD-4FED-9018-8C4B04FDC75B}.Release|x64.Build.0 = Release|x64
		{FE2A6C4E-36BD-4FED-9018-8C4B04FDC75B}.Release|x86.ActiveCfg = Release|Win32
		{FE2A6C4E-36BD-4FED-9018-8C4B04FDC75B}.Release|x86.Build.0 = Release|Win32
	EndGlobalSection
	GlobalSection(SolutionProperties) = preSolution
		HideSolutionNode = FALSE
	EndGlobalSection
	GlobalSection(ExtensibilityGlobals) = postSolution
		SolutionGuid = {46B0B95B-6039-4790-91DE-B7415E0AB259}
	EndGlobalSection
EndGlobal
